
Microsoft Visual Studio Solution File, Format Version 12.00
# Visual Studio Version 16
VisualStudioVersion = 16.0.31424.327
MinimumVisualStudioVersion = 10.0.40219.1
Project("{FAE04EC0-301F-11D3-BF4B-00C04F79EFBC}") = "divisibility_properties_of_integers", "divisibility_properties_of_integers\divisibility_properties_of_integers.csproj", "{AA7FEA50-003C-45D2-8359-2AC386BF2257}"
EndProject
Global
	GlobalSection(SolutionConfigurationPlatforms) = preSolution
		Debug|Any CPU = Debug|Any CPU
		Release|Any CPU = Release|Any CPU
	EndGlobalSection
	GlobalSection(ProjectConfigurationPlatforms) = postSolution
		{AA7FEA50-003C-45D2-8359-2AC386BF2257}.Debug|Any CPU.ActiveCfg = Debug|Any CPU
		{AA7FEA50-003C-45D2-8359-2AC386BF2257}.Debug|Any CPU.Build.0 = Debug|Any CPU
		{AA7FEA50-003C-45D2-8359-2AC386BF2257}.Release|Any CPU.ActiveCfg = Release|Any CPU
		{AA7FEA50-003C-45D2-8359-2AC386BF2257}.Release|Any CPU.Build.0 = Release|Any CPU
	EndGlobalSection
	GlobalSection(SolutionProperties) = preSolution
		HideSolutionNode = FALSE
	EndGlobalSection
	GlobalSection(ExtensibilityGlobals) = postSolution
		SolutionGuid = {50CC3D9A-ECC2-4571-8AB5-D0B797D1FA6A}
	EndGlobalSection
EndGlobal
